{
  "name": "install-psa-0.8.2",
  "version": "1.0.0",
  "lockfileVersion": 3,
  "requires": true,
  "packages": {
    "": {
      "name": "install-psa-0.8.2",
      "version": "1.0.0",
      "license": "ISC",
      "dependencies": {
        "purescript-psa": "^0.8.2"
      }
    },
    "node_modules/purescript-psa": {
      "version": "0.8.2",
      "resolved": "https://registry.npmjs.org/purescript-psa/-/purescript-psa-0.8.2.tgz",
      "integrity": "sha512-4Olf0aQQrNCfcDLXQI3gJgINEQ+3U+4QPLmQ2LHX2L/YOXSwM7fOGIUs/wMm/FQnwERUyQmHKQTJKB4LIjE2fg==",
      "bin": {
        "psa": "index.js"
      }
    }
  }
}
